
Microsoft Visual Studio Solution File, Format Version 12.00
# Visual Studio Version 17
VisualStudioVersion = 17.4.33213.308
MinimumVisualStudioVersion = 10.0.40219.1
Project("{FAE04EC0-301F-11D3-BF4B-00C04F79EFBC}") = "Stack for doubles", "Stack for doubles\Stack for doubles.csproj", "{2ACEFDD9-80EB-4BBD-95F7-024449FD214F}"
EndProject
Global
	GlobalSection(SolutionConfigurationPlatforms) = preSolution
		Debug|Any CPU = Debug|Any CPU
		Release|Any CPU = Release|Any CPU
	EndGlobalSection
	GlobalSection(ProjectConfigurationPlatforms) = postSolution
		{2ACEFDD9-80EB-4BBD-95F7-024449FD214F}.Debug|Any CPU.ActiveCfg = Debug|Any CPU
		{2ACEFDD9-80EB-4BBD-95F7-024449FD214F}.Debug|Any CPU.Build.0 = Debug|Any CPU
		{2ACEFDD9-80EB-4BBD-95F7-024449FD214F}.Release|Any CPU.ActiveCfg = Release|Any CPU
		{2ACEFDD9-80EB-4BBD-95F7-024449FD214F}.Release|Any CPU.Build.0 = Release|Any CPU
	EndGlobalSection
	GlobalSection(SolutionProperties) = preSolution
		HideSolutionNode = FALSE
	EndGlobalSection
	GlobalSection(ExtensibilityGlobals) = postSolution
		SolutionGuid = {692D7AD2-F3D3-43BF-8680-37C317558621}
	EndGlobalSection
EndGlobal
